
Microsoft Visual Studio Solution File, Format Version 12.00
# Visual Studio Version 16
VisualStudioVersion = 16.0.33927.289
MinimumVisualStudioVersion = 10.0.40219.1
Project("{FAE04EC0-301F-11D3-BF4B-00C04F79EFBC}") = "TicTacToe", "TicTacToe\TicTacToe.csproj", "{8DDC6102-978C-4ADA-A275-59B2B2E8F8A3}"
EndProject
Global
	GlobalSection(SolutionConfigurationPlatforms) = preSolution
		Debug|Any CPU = Debug|Any CPU
		Release|Any CPU = Release|Any CPU
	EndGlobalSection
	GlobalSection(ProjectConfigurationPlatforms) = postSolution
		{8DDC6102-978C-4ADA-A275-59B2B2E8F8A3}.Debug|Any CPU.ActiveCfg = Debug|Any CPU
		{8DDC6102-978C-4ADA-A275-59B2B2E8F8A3}.Debug|Any CPU.Build.0 = Debug|Any CPU
		{8DDC6102-978C-4ADA-A275-59B2B2E8F8A3}.Debug|Any CPU.Deploy.0 = Debug|Any CPU
		{8DDC6102-978C-4ADA-A275-59B2B2E8F8A3}.Release|Any CPU.ActiveCfg = Release|Any CPU
		{8DDC6102-978C-4ADA-A275-59B2B2E8F8A3}.Release|Any CPU.Build.0 = Release|Any CPU
		{8DDC6102-978C-4ADA-A275-59B2B2E8F8A3}.Release|Any CPU.Deploy.0 = Release|Any CPU
	EndGlobalSection
	GlobalSection(SolutionProperties) = preSolution
		HideSolutionNode = FALSE
	EndGlobalSection
	GlobalSection(ExtensibilityGlobals) = postSolution
		SolutionGuid = {E5E81F97-A91B-4847-9CC7-A06361B81B7D}
	EndGlobalSection
EndGlobal
